{
  "name": "authme-password-check",
  "version": "1.0.4",
  "lockfileVersion": 3,
  "requires": true,
  "packages": {
    "": {
      "name": "authme-password-check",
      "version": "1.0.4",
      "license": "ISC",
      "dependencies": {
        "salted-sha256": "^1.0.4"
      }
    },
    "node_modules/salted-sha256": {
      "version": "1.0.4",
      "resolved": "https://registry.npmjs.org/salted-sha256/-/salted-sha256-1.0.4.tgz",
      "integrity": "sha512-y9fZxVmY7Cbg+Ahc/Nrq+jbxV3SwrYJGjFvmPSuMDX/raO6oGVBcUJ1l0NtGt9meaR4r0EkmKW7LXVZNTy8gHQ=="
    }
  }
}
